
Microsoft Visual Studio Solution File, Format Version 12.00
# Visual Studio Version 17
VisualStudioVersion = 17.9.34714.143
MinimumVisualStudioVersion = 10.0.40219.1
Project("{FAE04EC0-301F-11D3-BF4B-00C04F79EFBC}") = "etude-csharp-HeatWave_for_VS2022", "etude-csharp-HeatWave_for_VS2022\etude-csharp-HeatWave_for_VS2022.csproj", "{A7BA3E3A-E2CC-4D4F-95F5-76D8902019FC}"
EndProject
Global
	GlobalSection(SolutionConfigurationPlatforms) = preSolution
		Debug|Any CPU = Debug|Any CPU
		Release|Any CPU = Release|Any CPU
	EndGlobalSection
	GlobalSection(ProjectConfigurationPlatforms) = postSolution
		{A7BA3E3A-E2CC-4D4F-95F5-76D8902019FC}.Debug|Any CPU.ActiveCfg = Debug|Any CPU
		{A7BA3E3A-E2CC-4D4F-95F5-76D8902019FC}.Debug|Any CPU.Build.0 = Debug|Any CPU
		{A7BA3E3A-E2CC-4D4F-95F5-76D8902019FC}.Release|Any CPU.ActiveCfg = Release|Any CPU
		{A7BA3E3A-E2CC-4D4F-95F5-76D8902019FC}.Release|Any CPU.Build.0 = Release|Any CPU
	EndGlobalSection
	GlobalSection(SolutionProperties) = preSolution
		HideSolutionNode = FALSE
	EndGlobalSection
	GlobalSection(ExtensibilityGlobals) = postSolution
		SolutionGuid = {8065B351-4BE0-412E-8BA3-97AA184788FD}
	EndGlobalSection
EndGlobal
